PODS:
  - TwitterCore (3.2.0)
  - TwitterKit (3.4.1):
    - TwitterCore (>= 3.1.0)

DEPENDENCIES:
  - TwitterKit

SPEC REPOS:
  https://github.com/cocoapods/specs.git:
    - TwitterCore
    - TwitterKit

SPEC CHECKSUMS:
  TwitterCore: 8cbc9ad34d91c63a0035ea05bfbfc0d7ca72a28c
  TwitterKit: 054005edf5350aa9074af74b41456e5a61e3f322

PODFILE CHECKSUM: ca8429a0ed8a285445f73b059ab43b140a9d6803

COCOAPODS: 1.5.2
